// !$*UTF8*$!
{
	archiveVersion = 1;
	classes = {
	};
	objectVersion = 51;
	objects = {

/* Begin PBXBuildFile section */
		0A1872A22357813B00DD5795 /* AddRecordViewController.swift in Sources */ = {isa = PBXBuildFile; fileRef = 0A1872A12357813B00DD5795 /* AddRecordViewController.swift */; };
		0A1872A42357826700DD5795 /* RecordListTableViewController.swift in Sources */ = {isa = PBXBuildFile; fileRef = 0A1872A32357826700DD5795 /* RecordListTableViewController.swift */; };
		0A1872A6235782CB00DD5795 /* WishlistTableViewController.swift in Sources */ = {isa = PBXBuildFile; fileRef = 0A1872A5235782CB00DD5795 /* WishlistTableViewController.swift */; };
		0A1872A923578A2200DD5795 /* UIColorExtension.swift in Sources */ = {isa = PBXBuildFile; fileRef = 0A1872A823578A2200DD5795 /* UIColorExtension.swift */; };
		0A1872AB23578FA000DD5795 /* UIImageExtension.swift in Sources */ = {isa = PBXBuildFile; fileRef = 0A1872AA23578FA000DD5795 /* UIImageExtension.swift */; };
		0A1872AD2358047B00DD5795 /* GoogleService-Info.plist in Resources */ = {isa = PBXBuildFile; fileRef = 0A1872AC2358047B00DD5795 /* GoogleService-Info.plist */; };
		0A1872B023580FC900DD5795 /* AddWishlistTableViewController.swift in Sources */ = {isa = PBXBuildFile; fileRef = 0A1872AF23580FC900DD5795 /* AddWishlistTableViewController.swift */; };
		0A31E42C23576BB6006103C2 /* UIButtonExtension.swift in Sources */ = {isa = PBXBuildFile; fileRef = 0A31E42B23576BB6006103C2 /* UIButtonExtension.swift */; };
		0A4835C823560DED00016806 /* AppDelegate.swift in Sources */ = {isa = PBXBuildFile; fileRef = 0A4835C723560DED00016806 /* AppDelegate.swift */; };
		0A4835CF23560DED00016806 /* Main.storyboard in Resources */ = {isa = PBXBuildFile; fileRef = 0A4835CD23560DED00016806 /* Main.storyboard */; };
		0A4835D223560DED00016806 /* iCrave.xcdatamodeld in Sources */ = {isa = PBXBuildFile; fileRef = 0A4835D023560DED00016806 /* iCrave.xcdatamodeld */; };
		0A4835D423560DF000016806 /* Assets.xcassets in Resources */ = {isa = PBXBuildFile; fileRef = 0A4835D323560DF000016806 /* Assets.xcassets */; };
		0A4835D723560DF000016806 /* LaunchScreen.storyboard in Resources */ = {isa = PBXBuildFile; fileRef = 0A4835D523560DF000016806 /* LaunchScreen.storyboard */; };
		0A597132237BA64B009B0747 /* IntentHandler.swift in Sources */ = {isa = PBXBuildFile; fileRef = 0A597131237BA64B009B0747 /* IntentHandler.swift */; };
		0A59713A237BA64B009B0747 /* IntentsUI.framework in Frameworks */ = {isa = PBXBuildFile; fileRef = 0A597139237BA64B009B0747 /* IntentsUI.framework */; };
		0A59713D237BA64B009B0747 /* IntentViewController.swift in Sources */ = {isa = PBXBuildFile; fileRef = 0A59713C237BA64B009B0747 /* IntentViewController.swift */; };
		0A597140237BA64B009B0747 /* MainInterface.storyboard in Resources */ = {isa = PBXBuildFile; fileRef = 0A59713E237BA64B009B0747 /* MainInterface.storyboard */; };
		0A597144237BA64B009B0747 /* SiriRecordUI.appex in Embed App Extensions */ = {isa = PBXBuildFile; fileRef = 0A597138237BA64B009B0747 /* SiriRecordUI.appex */; settings = {ATTRIBUTES = (RemoveHeadersOnCopy, ); }; };
		0A597147237BA64B009B0747 /* SiriRecord.appex in Embed App Extensions */ = {isa = PBXBuildFile; fileRef = 0A59712F237BA64B009B0747 /* SiriRecord.appex */; settings = {ATTRIBUTES = (RemoveHeadersOnCopy, ); }; };
		0A597155237BB045009B0747 /* Intents.intentdefinition in Sources */ = {isa = PBXBuildFile; fileRef = 0A597154237BB045009B0747 /* Intents.intentdefinition */; };
		0A597156237BB045009B0747 /* Intents.intentdefinition in Sources */ = {isa = PBXBuildFile; fileRef = 0A597154237BB045009B0747 /* Intents.intentdefinition */; };
		0A597157237BB045009B0747 /* Intents.intentdefinition in Sources */ = {isa = PBXBuildFile; fileRef = 0A597154237BB045009B0747 /* Intents.intentdefinition */; };
		0A597159237BB104009B0747 /* RecordIntentHandler.swift in Sources */ = {isa = PBXBuildFile; fileRef = 0A597158237BB104009B0747 /* RecordIntentHandler.swift */; };
		0A59715A237BB104009B0747 /* RecordIntentHandler.swift in Sources */ = {isa = PBXBuildFile; fileRef = 0A597158237BB104009B0747 /* RecordIntentHandler.swift */; };
		0A59715B237BB104009B0747 /* RecordIntentHandler.swift in Sources */ = {isa = PBXBuildFile; fileRef = 0A597158237BB104009B0747 /* RecordIntentHandler.swift */; };
		0A59715C237BE2EB009B0747 /* iCrave.xcdatamodeld in Sources */ = {isa = PBXBuildFile; fileRef = 0A4835D023560DED00016806 /* iCrave.xcdatamodeld */; };
		0A59715D237BE2ED009B0747 /* iCrave.xcdatamodeld in Sources */ = {isa = PBXBuildFile; fileRef = 0A4835D023560DED00016806 /* iCrave.xcdatamodeld */; };
		0A5F7B7423570F34001C4EDC /* HomeViewController.swift in Sources */ = {isa = PBXBuildFile; fileRef = 0A5F7B7323570F34001C4EDC /* HomeViewController.swift */; };
		0A91D16023608F5400462F69 /* EditCategoryViewController.swift in Sources */ = {isa = PBXBuildFile; fileRef = 0A91D15F23608F5400462F69 /* EditCategoryViewController.swift */; };
		0A91D1652361626900462F69 /* RecordExtension.swift in Sources */ = {isa = PBXBuildFile; fileRef = 0A91D1642361626900462F69 /* RecordExtension.swift */; };
		0A91D16923618E4200462F69 /* CoreDataManager.swift in Sources */ = {isa = PBXBuildFile; fileRef = 0A91D16823618E4200462F69 /* CoreDataManager.swift */; };
		0A91D16B2361A8ED00462F69 /* StatisticsViewController.swift in Sources */ = {isa = PBXBuildFile; fileRef = 0A91D16A2361A8ED00462F69 /* StatisticsViewController.swift */; };
		0AD430C5235DEE9A003DAB0C /* StringExtension.swift in Sources */ = {isa = PBXBuildFile; fileRef = 0AD430C4235DEE9A003DAB0C /* StringExtension.swift */; };
		0AD430C7235E0161003DAB0C /* WishlistDetailTableViewController.swift in Sources */ = {isa = PBXBuildFile; fileRef = 0AD430C6235E0161003DAB0C /* WishlistDetailTableViewController.swift */; };
		0AD430F1235EF47B003DAB0C /* CategoryExtension.swift in Sources */ = {isa = PBXBuildFile; fileRef = 0AD430F0235EF47B003DAB0C /* CategoryExtension.swift */; };
		0AD430F5235F03F2003DAB0C /* Dummy.swift in Sources */ = {isa = PBXBuildFile; fileRef = 0AD430F4235F03F2003DAB0C /* Dummy.swift */; };
		0AD430F7235F3ED1003DAB0C /* SettingsTableViewController.swift in Sources */ = {isa = PBXBuildFile; fileRef = 0AD430F6235F3ED1003DAB0C /* SettingsTableViewController.swift */; };
		0AD430FB235F5C17003DAB0C /* AddCategoryViewController.swift in Sources */ = {isa = PBXBuildFile; fileRef = 0AD430FA235F5C17003DAB0C /* AddCategoryViewController.swift */; };
		0AF464DC237C346F003B32D1 /* NSCustomPersistentContainer.swift in Sources */ = {isa = PBXBuildFile; fileRef = 0AF464DB237C346F003B32D1 /* NSCustomPersistentContainer.swift */; };
		0AF464DD237C3609003B32D1 /* NSCustomPersistentContainer.swift in Sources */ = {isa = PBXBuildFile; fileRef = 0AF464DB237C346F003B32D1 /* NSCustomPersistentContainer.swift */; };
		0AF464E2237C3759003B32D1 /* NSCustomPersistentContainer.swift in Sources */ = {isa = PBXBuildFile; fileRef = 0AF464DB237C346F003B32D1 /* NSCustomPersistentContainer.swift */; };
		0AF464E7237C3F6C003B32D1 /* SharedUserDefaults.swift in Sources */ = {isa = PBXBuildFile; fileRef = 0AF464E6237C3F6C003B32D1 /* SharedUserDefaults.swift */; };
		0AF464E8237C60D7003B32D1 /* SharedUserDefaults.swift in Sources */ = {isa = PBXBuildFile; fileRef = 0AF464E6237C3F6C003B32D1 /* SharedUserDefaults.swift */; };
		0AF464E9237C60D8003B32D1 /* SharedUserDefaults.swift in Sources */ = {isa = PBXBuildFile; fileRef = 0AF464E6237C3F6C003B32D1 /* SharedUserDefaults.swift */; };
		0AF464EA237C6FD7003B32D1 /* UIColorExtension.swift in Sources */ = {isa = PBXBuildFile; fileRef = 0A1872A823578A2200DD5795 /* UIColorExtension.swift */; };
		0AF464EB237C6FD8003B32D1 /* UIColorExtension.swift in Sources */ = {isa = PBXBuildFile; fileRef = 0A1872A823578A2200DD5795 /* UIColorExtension.swift */; };
		0AF464EC237C6FFC003B32D1 /* StringExtension.swift in Sources */ = {isa = PBXBuildFile; fileRef = 0AD430C4235DEE9A003DAB0C /* StringExtension.swift */; };
		0AF464ED237C6FFD003B32D1 /* StringExtension.swift in Sources */ = {isa = PBXBuildFile; fileRef = 0AD430C4235DEE9A003DAB0C /* StringExtension.swift */; };
		0AF464EE237C7000003B32D1 /* UIImageExtension.swift in Sources */ = {isa = PBXBuildFile; fileRef = 0A1872AA23578FA000DD5795 /* UIImageExtension.swift */; };
		0AF464EF237C7000003B32D1 /* UIImageExtension.swift in Sources */ = {isa = PBXBuildFile; fileRef = 0A1872AA23578FA000DD5795 /* UIImageExtension.swift */; };
		0AF464F0237C7004003B32D1 /* UIButtonExtension.swift in Sources */ = {isa = PBXBuildFile; fileRef = 0A31E42B23576BB6006103C2 /* UIButtonExtension.swift */; };
		0AF464F1237C7005003B32D1 /* UIButtonExtension.swift in Sources */ = {isa = PBXBuildFile; fileRef = 0A31E42B23576BB6006103C2 /* UIButtonExtension.swift */; };
		AD2EEE1BB8AD9B233AD22FCA /* Pods_iCrave.framework in Frameworks */ = {isa = PBXBuildFile; fileRef = E7792123956E0BB01ED841F5 /* Pods_iCrave.framework */; };
/* End PBXBuildFile section */

/* Begin PBXContainerItemProxy section */
		0A597142237BA64B009B0747 /* PBXContainerItemProxy */ = {
			isa = PBXContainerItemProxy;
			containerPortal = 0A4835BC23560DED00016806 /* Project object */;
			proxyType = 1;
			remoteGlobalIDString = 0A597137237BA64B009B0747;
			remoteInfo = SiriRecordUI;
		};
		0A597145237BA64B009B0747 /* PBXContainerItemProxy */ = {
			isa = PBXContainerItemProxy;
			containerPortal = 0A4835BC23560DED00016806 /* Project object */;
			proxyType = 1;
			remoteGlobalIDString = 0A59712E237BA64B009B0747;
			remoteInfo = SiriRecord;
		};
/* End PBXContainerItemProxy section */

/* Begin PBXCopyFilesBuildPhase section */
		0A59714E237BA64B009B0747 /* Embed App Extensions */ = {
			isa = PBXCopyFilesBuildPhase;
			buildActionMask = 2147483647;
			dstPath = "";
			dstSubfolderSpec = 13;
			files = (
				0A597147237BA64B009B0747 /* SiriRecord.appex in Embed App Extensions */,
				0A597144237BA64B009B0747 /* SiriRecordUI.appex in Embed App Extensions */,
			);
			name = "Embed App Extensions";
			runOnlyForDeploymentPostprocessing = 0;
		};
/* End PBXCopyFilesBuildPhase section */

/* Begin PBXFileReference section */
		0A1872A12357813B00DD5795 /* AddRecordViewController.swift */ = {isa = PBXFileReference; lastKnownFileType = sourcecode.swift; path = AddRecordViewController.swift; sourceTree = "<group>"; };
		0A1872A32357826700DD5795 /* RecordListTableViewController.swift */ = {isa = PBXFileReference; lastKnownFileType = sourcecode.swift; path = RecordListTableViewController.swift; sourceTree = "<group>"; };
		0A1872A5235782CB00DD5795 /* WishlistTableViewController.swift */ = {isa = PBXFileReference; lastKnownFileType = sourcecode.swift; path = WishlistTableViewController.swift; sourceTree = "<group>"; };
		0A1872A823578A2200DD5795 /* UIColorExtension.swift */ = {isa = PBXFileReference; lastKnownFileType = sourcecode.swift; path = UIColorExtension.swift; sourceTree = "<group>"; };
		0A1872AA23578FA000DD5795 /* UIImageExtension.swift */ = {isa = PBXFileReference; lastKnownFileType = sourcecode.swift; path = UIImageExtension.swift; sourceTree = "<group>"; };
		0A1872AC2358047B00DD5795 /* GoogleService-Info.plist */ = {isa = PBXFileReference; fileEncoding = 4; lastKnownFileType = text.plist.xml; path = "GoogleService-Info.plist"; sourceTree = "<group>"; };
		0A1872AE2358076000DD5795 /* README.md */ = {isa = PBXFileReference; lastKnownFileType = net.daringfireball.markdown; path = README.md; sourceTree = "<group>"; };
		0A1872AF23580FC900DD5795 /* AddWishlistTableViewController.swift */ = {isa = PBXFileReference; lastKnownFileType = sourcecode.swift; path = AddWishlistTableViewController.swift; sourceTree = "<group>"; };
		0A31E42B23576BB6006103C2 /* UIButtonExtension.swift */ = {isa = PBXFileReference; lastKnownFileType = sourcecode.swift; path = UIButtonExtension.swift; sourceTree = "<group>"; };
		0A4835C423560DED00016806 /* iCrave.app */ = {isa = PBXFileReference; explicitFileType = wrapper.application; includeInIndex = 0; path = iCrave.app; sourceTree = BUILT_PRODUCTS_DIR; };
		0A4835C723560DED00016806 /* AppDelegate.swift */ = {isa = PBXFileReference; lastKnownFileType = sourcecode.swift; path = AppDelegate.swift; sourceTree = "<group>"; };
		0A4835CE23560DED00016806 /* Base */ = {isa = PBXFileReference; lastKnownFileType = file.storyboard; name = Base; path = Base.lproj/Main.storyboard; sourceTree = "<group>"; };
		0A4835D123560DED00016806 /* iCrave.xcdatamodel */ = {isa = PBXFileReference; lastKnownFileType = wrapper.xcdatamodel; path = iCrave.xcdatamodel; sourceTree = "<group>"; };
		0A4835D323560DF000016806 /* Assets.xcassets */ = {isa = PBXFileReference; lastKnownFileType = folder.assetcatalog; path = Assets.xcassets; sourceTree = "<group>"; };
		0A4835D623560DF000016806 /* Base */ = {isa = PBXFileReference; lastKnownFileType = file.storyboard; name = Base; path = Base.lproj/LaunchScreen.storyboard; sourceTree = "<group>"; };
		0A4835D823560DF000016806 /* Info.plist */ = {isa = PBXFileReference; lastKnownFileType = text.plist.xml; path = Info.plist; sourceTree = "<group>"; };
		0A59712A237BA626009B0747 /* iCrave.entitlements */ = {isa = PBXFileReference; lastKnownFileType = text.plist.entitlements; path = iCrave.entitlements; sourceTree = "<group>"; };
		0A59712F237BA64B009B0747 /* SiriRecord.appex */ = {isa = PBXFileReference; explicitFileType = "wrapper.app-extension"; includeInIndex = 0; path = SiriRecord.appex; sourceTree = BUILT_PRODUCTS_DIR; };
		0A597131237BA64B009B0747 /* IntentHandler.swift */ = {isa = PBXFileReference; lastKnownFileType = sourcecode.swift; path = IntentHandler.swift; sourceTree = "<group>"; };
		0A597133237BA64B009B0747 /* Info.plist */ = {isa = PBXFileReference; lastKnownFileType = text.plist.xml; path = Info.plist; sourceTree = "<group>"; };
		0A597138237BA64B009B0747 /* SiriRecordUI.appex */ = {isa = PBXFileReference; explicitFileType = "wrapper.app-extension"; includeInIndex = 0; path = SiriRecordUI.appex; sourceTree = BUILT_PRODUCTS_DIR; };
		0A597139237BA64B009B0747 /* IntentsUI.framework */ = {isa = PBXFileReference; lastKnownFileType = wrapper.framework; name = IntentsUI.framework; path = System/Library/Frameworks/IntentsUI.framework; sourceTree = SDKROOT; };
		0A59713C237BA64B009B0747 /* IntentViewController.swift */ = {isa = PBXFileReference; lastKnownFileType = sourcecode.swift; path = IntentViewController.swift; sourceTree = "<group>"; };
		0A59713F237BA64B009B0747 /* Base */ = {isa = PBXFileReference; lastKnownFileType = file.storyboard; name = Base; path = Base.lproj/MainInterface.storyboard; sourceTree = "<group>"; };
		0A597141237BA64B009B0747 /* Info.plist */ = {isa = PBXFileReference; lastKnownFileType = text.plist.xml; path = Info.plist; sourceTree = "<group>"; };
		0A597154237BB045009B0747 /* Intents.intentdefinition */ = {isa = PBXFileReference; lastKnownFileType = file.intentdefinition; path = Intents.intentdefinition; sourceTree = "<group>"; };
		0A597158237BB104009B0747 /* RecordIntentHandler.swift */ = {isa = PBXFileReference; lastKnownFileType = sourcecode.swift; path = RecordIntentHandler.swift; sourceTree = "<group>"; };
		0A5F7B7323570F34001C4EDC /* HomeViewController.swift */ = {isa = PBXFileReference; lastKnownFileType = sourcecode.swift; path = HomeViewController.swift; sourceTree = "<group>"; };
		0A91D15F23608F5400462F69 /* EditCategoryViewController.swift */ = {isa = PBXFileReference; lastKnownFileType = sourcecode.swift; path = EditCategoryViewController.swift; sourceTree = "<group>"; };
		0A91D1642361626900462F69 /* RecordExtension.swift */ = {isa = PBXFileReference; lastKnownFileType = sourcecode.swift; path = RecordExtension.swift; sourceTree = "<group>"; };
		0A91D16823618E4200462F69 /* CoreDataManager.swift */ = {isa = PBXFileReference; fileEncoding = 4; lastKnownFileType = sourcecode.swift; path = CoreDataManager.swift; sourceTree = "<group>"; };
		0A91D16A2361A8ED00462F69 /* StatisticsViewController.swift */ = {isa = PBXFileReference; lastKnownFileType = sourcecode.swift; path = StatisticsViewController.swift; sourceTree = "<group>"; };
		0AD430C4235DEE9A003DAB0C /* StringExtension.swift */ = {isa = PBXFileReference; lastKnownFileType = sourcecode.swift; path = StringExtension.swift; sourceTree = "<group>"; };
		0AD430C6235E0161003DAB0C /* WishlistDetailTableViewController.swift */ = {isa = PBXFileReference; lastKnownFileType = sourcecode.swift; path = WishlistDetailTableViewController.swift; sourceTree = "<group>"; };
		0AD430F0235EF47B003DAB0C /* CategoryExtension.swift */ = {isa = PBXFileReference; lastKnownFileType = sourcecode.swift; path = CategoryExtension.swift; sourceTree = "<group>"; };
		0AD430F4235F03F2003DAB0C /* Dummy.swift */ = {isa = PBXFileReference; lastKnownFileType = sourcecode.swift; path = Dummy.swift; sourceTree = "<group>"; };
		0AD430F6235F3ED1003DAB0C /* SettingsTableViewController.swift */ = {isa = PBXFileReference; lastKnownFileType = sourcecode.swift; path = SettingsTableViewController.swift; sourceTree = "<group>"; };
		0AD430FA235F5C17003DAB0C /* AddCategoryViewController.swift */ = {isa = PBXFileReference; lastKnownFileType = sourcecode.swift; path = AddCategoryViewController.swift; sourceTree = "<group>"; };
		0AF464DA237BF57D003B32D1 /* SiriRecord.entitlements */ = {isa = PBXFileReference; lastKnownFileType = text.plist.entitlements; path = SiriRecord.entitlements; sourceTree = "<group>"; };
		0AF464DB237C346F003B32D1 /* NSCustomPersistentContainer.swift */ = {isa = PBXFileReference; lastKnownFileType = sourcecode.swift; path = NSCustomPersistentContainer.swift; sourceTree = "<group>"; };
		0AF464E6237C3F6C003B32D1 /* SharedUserDefaults.swift */ = {isa = PBXFileReference; lastKnownFileType = sourcecode.swift; path = SharedUserDefaults.swift; sourceTree = "<group>"; };
		9F6CA64D8925F7C5A2268CAA /* Pods-iCrave.debug.xcconfig */ = {isa = PBXFileReference; includeInIndex = 1; lastKnownFileType = text.xcconfig; name = "Pods-iCrave.debug.xcconfig"; path = "Target Support Files/Pods-iCrave/Pods-iCrave.debug.xcconfig"; sourceTree = "<group>"; };
		D9AEA11EBDD5BF2F15C9BE9E /* Pods-iCrave.release.xcconfig */ = {isa = PBXFileReference; includeInIndex = 1; lastKnownFileType = text.xcconfig; name = "Pods-iCrave.release.xcconfig"; path = "Target Support Files/Pods-iCrave/Pods-iCrave.release.xcconfig"; sourceTree = "<group>"; };
		E7792123956E0BB01ED841F5 /* Pods_iCrave.framework */ = {isa = PBXFileReference; explicitFileType = wrapper.framework; includeInIndex = 0; path = Pods_iCrave.framework; sourceTree = BUILT_PRODUCTS_DIR; };
/* End PBXFileReference section */

/* Begin PBXFrameworksBuildPhase section */
		0A4835C123560DED00016806 /* Frameworks */ = {
			isa = PBXFrameworksBuildPhase;
			buildActionMask = 2147483647;
			files = (
				AD2EEE1BB8AD9B233AD22FCA /* Pods_iCrave.framework in Frameworks */,
			);
			runOnlyForDeploymentPostprocessing = 0;
		};
		0A59712C237BA64B009B0747 /* Frameworks */ = {
			isa = PBXFrameworksBuildPhase;
			buildActionMask = 2147483647;
			files = (
			);
			runOnlyForDeploymentPostprocessing = 0;
		};
		0A597135237BA64B009B0747 /* Frameworks */ = {
			isa = PBXFrameworksBuildPhase;
			buildActionMask = 2147483647;
			files = (
				0A59713A237BA64B009B0747 /* IntentsUI.framework in Frameworks */,
			);
			runOnlyForDeploymentPostprocessing = 0;
		};
/* End PBXFrameworksBuildPhase section */

/* Begin PBXGroup section */
		0A1872A7235782F000DD5795 /* ViewControllers */ = {
			isa = PBXGroup;
			children = (
				0A5F7B7323570F34001C4EDC /* HomeViewController.swift */,
				0A91D16A2361A8ED00462F69 /* StatisticsViewController.swift */,
				0A91D1632360951100462F69 /* Record */,
				0A91D162236094FE00462F69 /* Wishlist */,
				0A91D161236094DB00462F69 /* Settings */,
			);
			path = ViewControllers;
			sourceTree = "<group>";
		};
		0A1FC04E235714070033CD96 /* Extensions */ = {
			isa = PBXGroup;
			children = (
				0AD430C4235DEE9A003DAB0C /* StringExtension.swift */,
				0A1872A823578A2200DD5795 /* UIColorExtension.swift */,
				0A1872AA23578FA000DD5795 /* UIImageExtension.swift */,
				0A31E42B23576BB6006103C2 /* UIButtonExtension.swift */,
			);
			path = Extensions;
			sourceTree = "<group>";
		};
		0A4835BB23560DED00016806 = {
			isa = PBXGroup;
			children = (
				0A1872AE2358076000DD5795 /* README.md */,
				0A4835C623560DED00016806 /* iCrave */,
				0A597130237BA64B009B0747 /* SiriRecord */,
				0A59713B237BA64B009B0747 /* SiriRecordUI */,
				0A4835C523560DED00016806 /* Products */,
				A306DC792BFEB1C512C4FB79 /* Pods */,
				D991FAF0ADB288A815BD8ABB /* Frameworks */,
			);
			sourceTree = "<group>";
		};
		0A4835C523560DED00016806 /* Products */ = {
			isa = PBXGroup;
			children = (
				0A4835C423560DED00016806 /* iCrave.app */,
				0A59712F237BA64B009B0747 /* SiriRecord.appex */,
				0A597138237BA64B009B0747 /* SiriRecordUI.appex */,
			);
			name = Products;
			sourceTree = "<group>";
		};
		0A4835C623560DED00016806 /* iCrave */ = {
			isa = PBXGroup;
			children = (
				0A59712A237BA626009B0747 /* iCrave.entitlements */,
				0A597154237BB045009B0747 /* Intents.intentdefinition */,
				0A4835C723560DED00016806 /* AppDelegate.swift */,
				0AD430EF235EF444003DAB0C /* CoreData */,
				0A1872A7235782F000DD5795 /* ViewControllers */,
				0A1FC04E235714070033CD96 /* Extensions */,
				0A4835CD23560DED00016806 /* Main.storyboard */,
				0A4835D523560DF000016806 /* LaunchScreen.storyboard */,
				0A4835D323560DF000016806 /* Assets.xcassets */,
				0A4835D823560DF000016806 /* Info.plist */,
				0A1872AC2358047B00DD5795 /* GoogleService-Info.plist */,
			);
			path = iCrave;
			sourceTree = "<group>";
		};
		0A597130237BA64B009B0747 /* SiriRecord */ = {
			isa = PBXGroup;
			children = (
				0AF464DA237BF57D003B32D1 /* SiriRecord.entitlements */,
				0A597131237BA64B009B0747 /* IntentHandler.swift */,
				0A597158237BB104009B0747 /* RecordIntentHandler.swift */,
				0A597133237BA64B009B0747 /* Info.plist */,
			);
			path = SiriRecord;
			sourceTree = "<group>";
		};
		0A59713B237BA64B009B0747 /* SiriRecordUI */ = {
			isa = PBXGroup;
			children = (
				0A59713C237BA64B009B0747 /* IntentViewController.swift */,
				0A59713E237BA64B009B0747 /* MainInterface.storyboard */,
				0A597141237BA64B009B0747 /* Info.plist */,
			);
			path = SiriRecordUI;
			sourceTree = "<group>";
		};
		0A91D161236094DB00462F69 /* Settings */ = {
			isa = PBXGroup;
			children = (
				0AD430F6235F3ED1003DAB0C /* SettingsTableViewController.swift */,
				0AD430FA235F5C17003DAB0C /* AddCategoryViewController.swift */,
				0A91D15F23608F5400462F69 /* EditCategoryViewController.swift */,
			);
			path = Settings;
			sourceTree = "<group>";
		};
		0A91D162236094FE00462F69 /* Wishlist */ = {
			isa = PBXGroup;
			children = (
				0A1872AF23580FC900DD5795 /* AddWishlistTableViewController.swift */,
				0A1872A5235782CB00DD5795 /* WishlistTableViewController.swift */,
				0AD430C6235E0161003DAB0C /* WishlistDetailTableViewController.swift */,
			);
			path = Wishlist;
			sourceTree = "<group>";
		};
		0A91D1632360951100462F69 /* Record */ = {
			isa = PBXGroup;
			children = (
				0A1872A12357813B00DD5795 /* AddRecordViewController.swift */,
				0A1872A32357826700DD5795 /* RecordListTableViewController.swift */,
			);
			path = Record;
			sourceTree = "<group>";
		};
		0AD430EF235EF444003DAB0C /* CoreData */ = {
			isa = PBXGroup;
			children = (
				0A4835D023560DED00016806 /* iCrave.xcdatamodeld */,
				0AF464DB237C346F003B32D1 /* NSCustomPersistentContainer.swift */,
				0AF464E6237C3F6C003B32D1 /* SharedUserDefaults.swift */,
				0A91D16823618E4200462F69 /* CoreDataManager.swift */,
				0AD430F0235EF47B003DAB0C /* CategoryExtension.swift */,
				0A91D1642361626900462F69 /* RecordExtension.swift */,
				0AD430F4235F03F2003DAB0C /* Dummy.swift */,
			);
			path = CoreData;
			sourceTree = "<group>";
		};
		A306DC792BFEB1C512C4FB79 /* Pods */ = {
			isa = PBXGroup;
			children = (
				9F6CA64D8925F7C5A2268CAA /* Pods-iCrave.debug.xcconfig */,
				D9AEA11EBDD5BF2F15C9BE9E /* Pods-iCrave.release.xcconfig */,
			);
			path = Pods;
			sourceTree = "<group>";
		};
		D991FAF0ADB288A815BD8ABB /* Frameworks */ = {
			isa = PBXGroup;
			children = (
				E7792123956E0BB01ED841F5 /* Pods_iCrave.framework */,
				0A597139237BA64B009B0747 /* IntentsUI.framework */,
			);
			name = Frameworks;
			sourceTree = "<group>";
		};
/* End PBXGroup section */

/* Begin PBXNativeTarget section */
		0A4835C323560DED00016806 /* iCrave */ = {
			isa = PBXNativeTarget;
			buildConfigurationList = 0A4835DB23560DF000016806 /* Build configuration list for PBXNativeTarget "iCrave" */;
			buildPhases = (
				967EB72B806E5E92F09ED913 /* [CP] Check Pods Manifest.lock */,
				0A4835C023560DED00016806 /* Sources */,
				0A4835C123560DED00016806 /* Frameworks */,
				0A4835C223560DED00016806 /* Resources */,
				AE6155905EAC0A4F79657D61 /* [CP] Embed Pods Frameworks */,
				0A59714E237BA64B009B0747 /* Embed App Extensions */,
			);
			buildRules = (
			);
			dependencies = (
				0A597143237BA64B009B0747 /* PBXTargetDependency */,
				0A597146237BA64B009B0747 /* PBXTargetDependency */,
			);
			name = iCrave;
			productName = iCrave;
			productReference = 0A4835C423560DED00016806 /* iCrave.app */;
			productType = "com.apple.product-type.application";
		};
		0A59712E237BA64B009B0747 /* SiriRecord */ = {
			isa = PBXNativeTarget;
			buildConfigurationList = 0A59714B237BA64B009B0747 /* Build configuration list for PBXNativeTarget "SiriRecord" */;
			buildPhases = (
				0A59712B237BA64B009B0747 /* Sources */,
				0A59712C237BA64B009B0747 /* Frameworks */,
				0A59712D237BA64B009B0747 /* Resources */,
			);
			buildRules = (
			);
			dependencies = (
			);
			name = SiriRecord;
			productName = SiriRecord;
			productReference = 0A59712F237BA64B009B0747 /* SiriRecord.appex */;
			productType = "com.apple.product-type.app-extension";
		};
		0A597137237BA64B009B0747 /* SiriRecordUI */ = {
			isa = PBXNativeTarget;
			buildConfigurationList = 0A597148237BA64B009B0747 /* Build configuration list for PBXNativeTarget "SiriRecordUI" */;
			buildPhases = (
				0A597134237BA64B009B0747 /* Sources */,
				0A597135237BA64B009B0747 /* Frameworks */,
				0A597136237BA64B009B0747 /* Resources */,
			);
			buildRules = (
			);
			dependencies = (
			);
			name = SiriRecordUI;
			productName = SiriRecordUI;
			productReference = 0A597138237BA64B009B0747 /* SiriRecordUI.appex */;
			productType = "com.apple.product-type.app-extension";
		};
/* End PBXNativeTarget section */

/* Begin PBXProject section */
		0A4835BC23560DED00016806 /* Project object */ = {
			isa = PBXProject;
			attributes = {
				LastSwiftUpdateCheck = 1120;
				LastUpgradeCheck = 1110;
				ORGANIZATIONNAME = "Kevin Kim";
				TargetAttributes = {
					0A4835C323560DED00016806 = {
						CreatedOnToolsVersion = 11.1;
					};
					0A59712E237BA64B009B0747 = {
						CreatedOnToolsVersion = 11.2;
					};
					0A597137237BA64B009B0747 = {
						CreatedOnToolsVersion = 11.2;
					};
				};
			};
			buildConfigurationList = 0A4835BF23560DED00016806 /* Build configuration list for PBXProject "iCrave" */;
			compatibilityVersion = "Xcode 9.3";
			developmentRegion = en;
			hasScannedForEncodings = 0;
			knownRegions = (
				en,
				Base,
			);
			mainGroup = 0A4835BB23560DED00016806;
			productRefGroup = 0A4835C523560DED00016806 /* Products */;
			projectDirPath = "";
			projectRoot = "";
			targets = (
				0A4835C323560DED00016806 /* iCrave */,
				0A59712E237BA64B009B0747 /* SiriRecord */,
				0A597137237BA64B009B0747 /* SiriRecordUI */,
			);
		};
/* End PBXProject section */

/* Begin PBXResourcesBuildPhase section */
		0A4835C223560DED00016806 /* Resources */ = {
			isa = PBXResourcesBuildPhase;
			buildActionMask = 2147483647;
			files = (
				0A4835D723560DF000016806 /* LaunchScreen.storyboard in Resources */,
				0A1872AD2358047B00DD5795 /* GoogleService-Info.plist in Resources */,
				0A4835D423560DF000016806 /* Assets.xcassets in Resources */,
				0A4835CF23560DED00016806 /* Main.storyboard in Resources */,
			);
			runOnlyForDeploymentPostprocessing = 0;
		};
		0A59712D237BA64B009B0747 /* Resources */ = {
			isa = PBXResourcesBuildPhase;
			buildActionMask = 2147483647;
			files = (
			);
			runOnlyForDeploymentPostprocessing = 0;
		};
		0A597136237BA64B009B0747 /* Resources */ = {
			isa = PBXResourcesBuildPhase;
			buildActionMask = 2147483647;
			files = (
				0A597140237BA64B009B0747 /* MainInterface.storyboard in Resources */,
			);
			runOnlyForDeploymentPostprocessing = 0;
		};
/* End PBXResourcesBuildPhase section */

/* Begin PBXShellScriptBuildPhase section */
		967EB72B806E5E92F09ED913 /* [CP] Check Pods Manifest.lock */ = {
			isa = PBXShellScriptBuildPhase;
			buildActionMask = 2147483647;
			files = (
			);
			inputFileListPaths = (
			);
			inputPaths = (
				"${PODS_PODFILE_DIR_PATH}/Podfile.lock",
				"${PODS_ROOT}/Manifest.lock",
			);
			name = "[CP] Check Pods Manifest.lock";
			outputFileListPaths = (
			);
			outputPaths = (
				"$(DERIVED_FILE_DIR)/Pods-iCrave-checkManifestLockResult.txt",
			);
			runOnlyForDeploymentPostprocessing = 0;
			shellPath = /bin/sh;
			shellScript = "diff \"${PODS_PODFILE_DIR_PATH}/Podfile.lock\" \"${PODS_ROOT}/Manifest.lock\" > /dev/null\nif [ $? != 0 ] ; then\n    # print error to STDERR\n    echo \"error: The sandbox is not in sync with the Podfile.lock. Run 'pod install' or update your CocoaPods installation.\" >&2\n    exit 1\nfi\n# This output is used by Xcode 'outputs' to avoid re-running this script phase.\necho \"SUCCESS\" > \"${SCRIPT_OUTPUT_FILE_0}\"\n";
			showEnvVarsInLog = 0;
		};
		AE6155905EAC0A4F79657D61 /* [CP] Embed Pods Frameworks */ = {
			isa = PBXShellScriptBuildPhase;
			buildActionMask = 2147483647;
			files = (
			);
			inputFileListPaths = (
				"${PODS_ROOT}/Target Support Files/Pods-iCrave/Pods-iCrave-frameworks-${CONFIGURATION}-input-files.xcfilelist",
			);
			name = "[CP] Embed Pods Frameworks";
			outputFileListPaths = (
				"${PODS_ROOT}/Target Support Files/Pods-iCrave/Pods-iCrave-frameworks-${CONFIGURATION}-output-files.xcfilelist",
			);
			runOnlyForDeploymentPostprocessing = 0;
			shellPath = /bin/sh;
			shellScript = "\"${PODS_ROOT}/Target Support Files/Pods-iCrave/Pods-iCrave-frameworks.sh\"\n";
			showEnvVarsInLog = 0;
		};
/* End PBXShellScriptBuildPhase section */

/* Begin PBXSourcesBuildPhase section */
		0A4835C023560DED00016806 /* Sources */ = {
			isa = PBXSourcesBuildPhase;
			buildActionMask = 2147483647;
			files = (
				0A597155237BB045009B0747 /* Intents.intentdefinition in Sources */,
				0AF464E7237C3F6C003B32D1 /* SharedUserDefaults.swift in Sources */,
				0AD430FB235F5C17003DAB0C /* AddCategoryViewController.swift in Sources */,
				0A4835D223560DED00016806 /* iCrave.xcdatamodeld in Sources */,
				0A31E42C23576BB6006103C2 /* UIButtonExtension.swift in Sources */,
				0A91D16923618E4200462F69 /* CoreDataManager.swift in Sources */,
				0A4835C823560DED00016806 /* AppDelegate.swift in Sources */,
				0AD430C7235E0161003DAB0C /* WishlistDetailTableViewController.swift in Sources */,
				0AD430F1235EF47B003DAB0C /* CategoryExtension.swift in Sources */,
				0A1872A923578A2200DD5795 /* UIColorExtension.swift in Sources */,
				0A1872A42357826700DD5795 /* RecordListTableViewController.swift in Sources */,
				0A1872AB23578FA000DD5795 /* UIImageExtension.swift in Sources */,
				0AF464DC237C346F003B32D1 /* NSCustomPersistentContainer.swift in Sources */,
				0AD430F5235F03F2003DAB0C /* Dummy.swift in Sources */,
				0A91D16B2361A8ED00462F69 /* StatisticsViewController.swift in Sources */,
				0A1872B023580FC900DD5795 /* AddWishlistTableViewController.swift in Sources */,
				0A5F7B7423570F34001C4EDC /* HomeViewController.swift in Sources */,
				0AD430F7235F3ED1003DAB0C /* SettingsTableViewController.swift in Sources */,
				0A1872A6235782CB00DD5795 /* WishlistTableViewController.swift in Sources */,
				0AD430C5235DEE9A003DAB0C /* StringExtension.swift in Sources */,
				0A91D16023608F5400462F69 /* EditCategoryViewController.swift in Sources */,
				0A597159237BB104009B0747 /* RecordIntentHandler.swift in Sources */,
				0A91D1652361626900462F69 /* RecordExtension.swift in Sources */,
				0A1872A22357813B00DD5795 /* AddRecordViewController.swift in Sources */,
			);
			runOnlyForDeploymentPostprocessing = 0;
		};
		0A59712B237BA64B009B0747 /* Sources */ = {
			isa = PBXSourcesBuildPhase;
			buildActionMask = 2147483647;
			files = (
				0AF464DD237C3609003B32D1 /* NSCustomPersistentContainer.swift in Sources */,
				0AF464F0237C7004003B32D1 /* UIButtonExtension.swift in Sources */,
				0AF464EA237C6FD7003B32D1 /* UIColorExtension.swift in Sources */,
				0AF464E8237C60D7003B32D1 /* SharedUserDefaults.swift in Sources */,
				0A59715A237BB104009B0747 /* RecordIntentHandler.swift in Sources */,
				0AF464EC237C6FFC003B32D1 /* StringExtension.swift in Sources */,
				0AF464EE237C7000003B32D1 /* UIImageExtension.swift in Sources */,
				0A59715C237BE2EB009B0747 /* iCrave.xcdatamodeld in Sources */,
				0A597156237BB045009B0747 /* Intents.intentdefinition in Sources */,
				0A597132237BA64B009B0747 /* IntentHandler.swift in Sources */,
			);
			runOnlyForDeploymentPostprocessing = 0;
		};
		0A597134237BA64B009B0747 /* Sources */ = {
			isa = PBXSourcesBuildPhase;
			buildActionMask = 2147483647;
			files = (
				0A59715B237BB104009B0747 /* RecordIntentHandler.swift in Sources */,
				0AF464F1237C7005003B32D1 /* UIButtonExtension.swift in Sources */,
				0AF464EB237C6FD8003B32D1 /* UIColorExtension.swift in Sources */,
				0AF464E9237C60D8003B32D1 /* SharedUserDefaults.swift in Sources */,
				0A59715D237BE2ED009B0747 /* iCrave.xcdatamodeld in Sources */,
				0AF464ED237C6FFD003B32D1 /* StringExtension.swift in Sources */,
				0AF464EF237C7000003B32D1 /* UIImageExtension.swift in Sources */,
				0AF464E2237C3759003B32D1 /* NSCustomPersistentContainer.swift in Sources */,
				0A597157237BB045009B0747 /* Intents.intentdefinition in Sources */,
				0A59713D237BA64B009B0747 /* IntentViewController.swift in Sources */,
			);
			runOnlyForDeploymentPostprocessing = 0;
		};
/* End PBXSourcesBuildPhase section */

/* Begin PBXTargetDependency section */
		0A597143237BA64B009B0747 /* PBXTargetDependency */ = {
			isa = PBXTargetDependency;
			target = 0A597137237BA64B009B0747 /* SiriRecordUI */;
			targetProxy = 0A597142237BA64B009B0747 /* PBXContainerItemProxy */;
		};
		0A597146237BA64B009B0747 /* PBXTargetDependency */ = {
			isa = PBXTargetDependency;
			target = 0A59712E237BA64B009B0747 /* SiriRecord */;
			targetProxy = 0A597145237BA64B009B0747 /* PBXContainerItemProxy */;
		};
/* End PBXTargetDependency section */

/* Begin PBXVariantGroup section */
		0A4835CD23560DED00016806 /* Main.storyboard */ = {
			isa = PBXVariantGroup;
			children = (
				0A4835CE23560DED00016806 /* Base */,
			);
			name = Main.storyboard;
			sourceTree = "<group>";
		};
		0A4835D523560DF000016806 /* LaunchScreen.storyboard */ = {
			isa = PBXVariantGroup;
			children = (
				0A4835D623560DF000016806 /* Base */,
			);
			name = LaunchScreen.storyboard;
			sourceTree = "<group>";
		};
		0A59713E237BA64B009B0747 /* MainInterface.storyboard */ = {
			isa = PBXVariantGroup;
			children = (
				0A59713F237BA64B009B0747 /* Base */,
			);
			name = MainInterface.storyboard;
			sourceTree = "<group>";
		};
/* End PBXVariantGroup section */

/* Begin XCBuildConfiguration section */
		0A4835D923560DF000016806 /* Debug */ = {
			isa = XCBuildConfiguration;
			buildSettings = {
				ALWAYS_SEARCH_USER_PATHS = NO;
				CLANG_ANALYZER_NONNULL = YES;
				CLANG_ANALYZER_NUMBER_OBJECT_CONVERSION = YES_AGGRESSIVE;
				CLANG_CXX_LANGUAGE_STANDARD = "gnu++14";
				CLANG_CXX_LIBRARY = "libc++";
				CLANG_ENABLE_MODULES = YES;
				CLANG_ENABLE_OBJC_ARC = YES;
				CLANG_ENABLE_OBJC_WEAK = YES;
				CLANG_WARN_BLOCK_CAPTURE_AUTORELEASING = YES;
				CLANG_WARN_BOOL_CONVERSION = YES;
				CLANG_WARN_COMMA = YES;
				CLANG_WARN_CONSTANT_CONVERSION = YES;
				CLANG_WARN_DEPRECATED_OBJC_IMPLEMENTATIONS = YES;
				CLANG_WARN_DIRECT_OBJC_ISA_USAGE = YES_ERROR;
				CLANG_WARN_DOCUMENTATION_COMMENTS = YES;
				CLANG_WARN_EMPTY_BODY = YES;
				CLANG_WARN_ENUM_CONVERSION = YES;
				CLANG_WARN_INFINITE_RECURSION = YES;
				CLANG_WARN_INT_CONVERSION = YES;
				CLANG_WARN_NON_LITERAL_NULL_CONVERSION = YES;
				CLANG_WARN_OBJC_IMPLICIT_RETAIN_SELF = YES;
				CLANG_WARN_OBJC_LITERAL_CONVERSION = YES;
				CLANG_WARN_OBJC_ROOT_CLASS = YES_ERROR;
				CLANG_WARN_RANGE_LOOP_ANALYSIS = YES;
				CLANG_WARN_STRICT_PROTOTYPES = YES;
				CLANG_WARN_SUSPICIOUS_MOVE = YES;
				CLANG_WARN_UNGUARDED_AVAILABILITY = YES_AGGRESSIVE;
				CLANG_WARN_UNREACHABLE_CODE = YES;
				CLANG_WARN__DUPLICATE_METHOD_MATCH = YES;
				COPY_PHASE_STRIP = NO;
				DEBUG_INFORMATION_FORMAT = dwarf;
				ENABLE_STRICT_OBJC_MSGSEND = YES;
				ENABLE_TESTABILITY = YES;
				GCC_C_LANGUAGE_STANDARD = gnu11;
				GCC_DYNAMIC_NO_PIC = NO;
				GCC_NO_COMMON_BLOCKS = YES;
				GCC_OPTIMIZATION_LEVEL = 0;
				GCC_PREPROCESSOR_DEFINITIONS = (
					"DEBUG=1",
					"$(inherited)",
				);
				GCC_WARN_64_TO_32_BIT_CONVERSION = YES;
				GCC_WARN_ABOUT_RETURN_TYPE = YES_ERROR;
				GCC_WARN_UNDECLARED_SELECTOR = YES;
				GCC_WARN_UNINITIALIZED_AUTOS = YES_AGGRESSIVE;
				GCC_WARN_UNUSED_FUNCTION = YES;
				GCC_WARN_UNUSED_VARIABLE = YES;
				IPHONEOS_DEPLOYMENT_TARGET = 13.1;
				MTL_ENABLE_DEBUG_INFO = INCLUDE_SOURCE;
				MTL_FAST_MATH = YES;
				ONLY_ACTIVE_ARCH = YES;
				SDKROOT = iphoneos;
				SWIFT_ACTIVE_COMPILATION_CONDITIONS = DEBUG;
				SWIFT_OPTIMIZATION_LEVEL = "-Onone";
			};
			name = Debug;
		};
		0A4835DA23560DF000016806 /* Release */ = {
			isa = XCBuildConfiguration;
			buildSettings = {
				ALWAYS_SEARCH_USER_PATHS = NO;
				CLANG_ANALYZER_NONNULL = YES;
				CLANG_ANALYZER_NUMBER_OBJECT_CONVERSION = YES_AGGRESSIVE;
				CLANG_CXX_LANGUAGE_STANDARD = "gnu++14";
				CLANG_CXX_LIBRARY = "libc++";
				CLANG_ENABLE_MODULES = YES;
				CLANG_ENABLE_OBJC_ARC = YES;
				CLANG_ENABLE_OBJC_WEAK = YES;
				CLANG_WARN_BLOCK_CAPTURE_AUTORELEASING = YES;
				CLANG_WARN_BOOL_CONVERSION = YES;
				CLANG_WARN_COMMA = YES;
				CLANG_WARN_CONSTANT_CONVERSION = YES;
				CLANG_WARN_DEPRECATED_OBJC_IMPLEMENTATIONS = YES;
				CLANG_WARN_DIRECT_OBJC_ISA_USAGE = YES_ERROR;
				CLANG_WARN_DOCUMENTATION_COMMENTS = YES;
				CLANG_WARN_EMPTY_BODY = YES;
				CLANG_WARN_ENUM_CONVERSION = YES;
				CLANG_WARN_INFINITE_RECURSION = YES;
				CLANG_WARN_INT_CONVERSION = YES;
				CLANG_WARN_NON_LITERAL_NULL_CONVERSION = YES;
				CLANG_WARN_OBJC_IMPLICIT_RETAIN_SELF = YES;
				CLANG_WARN_OBJC_LITERAL_CONVERSION = YES;
				CLANG_WARN_OBJC_ROOT_CLASS = YES_ERROR;
				CLANG_WARN_RANGE_LOOP_ANALYSIS = YES;
				CLANG_WARN_STRICT_PROTOTYPES = YES;
				CLANG_WARN_SUSPICIOUS_MOVE = YES;
				CLANG_WARN_UNGUARDED_AVAILABILITY = YES_AGGRESSIVE;
				CLANG_WARN_UNREACHABLE_CODE = YES;
				CLANG_WARN__DUPLICATE_METHOD_MATCH = YES;
				COPY_PHASE_STRIP = NO;
				DEBUG_INFORMATION_FORMAT = "dwarf-with-dsym";
				ENABLE_NS_ASSERTIONS = NO;
				ENABLE_STRICT_OBJC_MSGSEND = YES;
				GCC_C_LANGUAGE_STANDARD = gnu11;
				GCC_NO_COMMON_BLOCKS = YES;
				GCC_WARN_64_TO_32_BIT_CONVERSION = YES;
				GCC_WARN_ABOUT_RETURN_TYPE = YES_ERROR;
				GCC_WARN_UNDECLARED_SELECTOR = YES;
				GCC_WARN_UNINITIALIZED_AUTOS = YES_AGGRESSIVE;
				GCC_WARN_UNUSED_FUNCTION = YES;
				GCC_WARN_UNUSED_VARIABLE = YES;
				IPHONEOS_DEPLOYMENT_TARGET = 13.1;
				MTL_ENABLE_DEBUG_INFO = NO;
				MTL_FAST_MATH = YES;
				SDKROOT = iphoneos;
				SWIFT_COMPILATION_MODE = wholemodule;
				SWIFT_OPTIMIZATION_LEVEL = "-O";
				VALIDATE_PRODUCT = YES;
			};
			name = Release;
		};
		0A4835DC23560DF000016806 /* Debug */ = {
			isa = XCBuildConfiguration;
			baseConfigurationReference = 9F6CA64D8925F7C5A2268CAA /* Pods-iCrave.debug.xcconfig */;
			buildSettings = {
				ALWAYS_EMBED_SWIFT_STANDARD_LIBRARIES = YES;
				ASSETCATALOG_COMPILER_APPICON_NAME = AppIcon;
				CODE_SIGN_ENTITLEMENTS = iCrave/iCrave.entitlements;
				CODE_SIGN_STYLE = Automatic;
				DEVELOPMENT_TEAM = DH6DZ9MJN6;
				INFOPLIST_FILE = iCrave/Info.plist;
				INTENTS_CODEGEN_LANGUAGE = Automatic;
				IPHONEOS_DEPLOYMENT_TARGET = 13.0;
				LD_RUNPATH_SEARCH_PATHS = (
					"$(inherited)",
					"@executable_path/Frameworks",
				);
				PRODUCT_BUNDLE_IDENTIFIER = com.kevinkim.iCrave;
				PRODUCT_NAME = "$(TARGET_NAME)";
				SWIFT_VERSION = 5.0;
				TARGETED_DEVICE_FAMILY = 1;
			};
			name = Debug;
		};
		0A4835DD23560DF000016806 /* Release */ = {
			isa = XCBuildConfiguration;
			baseConfigurationReference = D9AEA11EBDD5BF2F15C9BE9E /* Pods-iCrave.release.xcconfig */;
			buildSettings = {
				ALWAYS_EMBED_SWIFT_STANDARD_LIBRARIES = YES;
				ASSETCATALOG_COMPILER_APPICON_NAME = AppIcon;
				CODE_SIGN_ENTITLEMENTS = iCrave/iCrave.entitlements;
				CODE_SIGN_STYLE = Automatic;
				DEVELOPMENT_TEAM = DH6DZ9MJN6;
				INFOPLIST_FILE = iCrave/Info.plist;
				INTENTS_CODEGEN_LANGUAGE = Automatic;
				IPHONEOS_DEPLOYMENT_TARGET = 13.0;
				LD_RUNPATH_SEARCH_PATHS = (
					"$(inherited)",
					"@executable_path/Frameworks",
				);
				PRODUCT_BUNDLE_IDENTIFIER = com.kevinkim.iCrave;
				PRODUCT_NAME = "$(TARGET_NAME)";
				SWIFT_VERSION = 5.0;
				TARGETED_DEVICE_FAMILY = 1;
			};
			name = Release;
		};
		0A597149237BA64B009B0747 /* Debug */ = {
			isa = XCBuildConfiguration;
			buildSettings = {
				CODE_SIGN_STYLE = Automatic;
				DEVELOPMENT_TEAM = DH6DZ9MJN6;
				INFOPLIST_FILE = SiriRecordUI/Info.plist;
				IPHONEOS_DEPLOYMENT_TARGET = 13.2;
				LD_RUNPATH_SEARCH_PATHS = (
					"$(inherited)",
					"@executable_path/Frameworks",
					"@executable_path/../../Frameworks",
				);
				PRODUCT_BUNDLE_IDENTIFIER = com.kevinkim.iCrave.SiriRecordUI;
				PRODUCT_NAME = "$(TARGET_NAME)";
				SKIP_INSTALL = YES;
				SWIFT_VERSION = 5.0;
				TARGETED_DEVICE_FAMILY = "1,2";
			};
			name = Debug;
		};
		0A59714A237BA64B009B0747 /* Release */ = {
			isa = XCBuildConfiguration;
			buildSettings = {
				CODE_SIGN_STYLE = Automatic;
				DEVELOPMENT_TEAM = DH6DZ9MJN6;
				INFOPLIST_FILE = SiriRecordUI/Info.plist;
				IPHONEOS_DEPLOYMENT_TARGET = 13.2;
				LD_RUNPATH_SEARCH_PATHS = (
					"$(inherited)",
					"@executable_path/Frameworks",
					"@executable_path/../../Frameworks",
				);
				PRODUCT_BUNDLE_IDENTIFIER = com.kevinkim.iCrave.SiriRecordUI;
				PRODUCT_NAME = "$(TARGET_NAME)";
				SKIP_INSTALL = YES;
				SWIFT_VERSION = 5.0;
				TARGETED_DEVICE_FAMILY = "1,2";
			};
			name = Release;
		};
		0A59714C237BA64B009B0747 /* Debug */ = {
			isa = XCBuildConfiguration;
			buildSettings = {
				CODE_SIGN_ENTITLEMENTS = SiriRecord/SiriRecord.entitlements;
				CODE_SIGN_STYLE = Automatic;
				DEVELOPMENT_TEAM = DH6DZ9MJN6;
				INFOPLIST_FILE = SiriRecord/Info.plist;
				IPHONEOS_DEPLOYMENT_TARGET = 13.2;
				LD_RUNPATH_SEARCH_PATHS = (
					"$(inherited)",
					"@executable_path/Frameworks",
					"@executable_path/../../Frameworks",
				);
				PRODUCT_BUNDLE_IDENTIFIER = com.kevinkim.iCrave.SiriRecord;
				PRODUCT_NAME = "$(TARGET_NAME)";
				SKIP_INSTALL = YES;
				SWIFT_VERSION = 5.0;
				TARGETED_DEVICE_FAMILY = "1,2";
			};
			name = Debug;
		};
		0A59714D237BA64B009B0747 /* Release */ = {
			isa = XCBuildConfiguration;
			buildSettings = {
				CODE_SIGN_ENTITLEMENTS = SiriRecord/SiriRecord.entitlements;
				CODE_SIGN_STYLE = Automatic;
				DEVELOPMENT_TEAM = DH6DZ9MJN6;
				INFOPLIST_FILE = SiriRecord/Info.plist;
				IPHONEOS_DEPLOYMENT_TARGET = 13.2;
				LD_RUNPATH_SEARCH_PATHS = (
					"$(inherited)",
					"@executable_path/Frameworks",
					"@executable_path/../../Frameworks",
				);
				PRODUCT_BUNDLE_IDENTIFIER = com.kevinkim.iCrave.SiriRecord;
				PRODUCT_NAME = "$(TARGET_NAME)";
				SKIP_INSTALL = YES;
				SWIFT_VERSION = 5.0;
				TARGETED_DEVICE_FAMILY = "1,2";
			};
			name = Release;
		};
/* End XCBuildConfiguration section */

/* Begin XCConfigurationList section */
		0A4835BF23560DED00016806 /* Build configuration list for PBXProject "iCrave" */ = {
			isa = XCConfigurationList;
			buildConfigurations = (
				0A4835D923560DF000016806 /* Debug */,
				0A4835DA23560DF000016806 /* Release */,
			);
			defaultConfigurationIsVisible = 0;
			defaultConfigurationName = Release;
		};
		0A4835DB23560DF000016806 /* Build configuration list for PBXNativeTarget "iCrave" */ = {
			isa = XCConfigurationList;
			buildConfigurations = (
				0A4835DC23560DF000016806 /* Debug */,
				0A4835DD23560DF000016806 /* Release */,
			);
			defaultConfigurationIsVisible = 0;
			defaultConfigurationName = Release;
		};
		0A597148237BA64B009B0747 /* Build configuration list for PBXNativeTarget "SiriRecordUI" */ = {
			isa = XCConfigurationList;
			buildConfigurations = (
				0A597149237BA64B009B0747 /* Debug */,
				0A59714A237BA64B009B0747 /* Release */,
			);
			defaultConfigurationIsVisible = 0;
			defaultConfigurationName = Release;
		};
		0A59714B237BA64B009B0747 /* Build configuration list for PBXNativeTarget "SiriRecord" */ = {
			isa = XCConfigurationList;
			buildConfigurations = (
				0A59714C237BA64B009B0747 /* Debug */,
				0A59714D237BA64B009B0747 /* Release */,
			);
			defaultConfigurationIsVisible = 0;
			defaultConfigurationName = Release;
		};
/* End XCConfigurationList section */

/* Begin XCVersionGroup section */
		0A4835D023560DED00016806 /* iCrave.xcdatamodeld */ = {
			isa = XCVersionGroup;
			children = (
				0A4835D123560DED00016806 /* iCrave.xcdatamodel */,
			);
			currentVersion = 0A4835D123560DED00016806 /* iCrave.xcdatamodel */;
			path = iCrave.xcdatamodeld;
			sourceTree = "<group>";
			versionGroupType = wrapper.xcdatamodel;
		};
/* End XCVersionGroup section */
	};
	rootObject = 0A4835BC23560DED00016806 /* Project object */;
}
